
Microsoft Visual Studio Solution File, Format Version 12.00
# Visual Studio Version 17
VisualStudioVersion = 17.5.33424.131
MinimumVisualStudioVersion = 10.0.40219.1
Project("{FAE04EC0-301F-11D3-BF4B-00C04F79EFBC}") = "HomeworkClassTwoExercise-1", "HomeworkClassTwoExercise-1\HomeworkClassTwoExercise-1.csproj", "{16965DBE-1531-4E3F-8901-99CA742C5E23}"
EndProject
Project("{FAE04EC0-301F-11D3-BF4B-00C04F79EFBC}") = "HomeworkClassTwoExercise-2", "HomeworkClassTwoExercise-2\HomeworkClassTwoExercise-2.csproj", "{FD0D7ED6-825E-4862-85F7-D269D41B7B65}"
EndProject
Project("{FAE04EC0-301F-11D3-BF4B-00C04F79EFBC}") = "HomeworkClassTwoExercise-3", "HomeworkClassTwoExercise-3\HomeworkClassTwoExercise-3.csproj", "{F808C181-A6A5-49C5-94D6-89A241C36DF4}"
EndProject
Global
	GlobalSection(SolutionConfigurationPlatforms) = preSolution
		Debug|Any CPU = Debug|Any CPU
		Release|Any CPU = Release|Any CPU
	EndGlobalSection
	GlobalSection(ProjectConfigurationPlatforms) = postSolution
		{16965DBE-1531-4E3F-8901-99CA742C5E23}.Debug|Any CPU.ActiveCfg = Debug|Any CPU
		{16965DBE-1531-4E3F-8901-99CA742C5E23}.Debug|Any CPU.Build.0 = Debug|Any CPU
		{16965DBE-1531-4E3F-8901-99CA742C5E23}.Release|Any CPU.ActiveCfg = Release|Any CPU
		{16965DBE-1531-4E3F-8901-99CA742C5E23}.Release|Any CPU.Build.0 = Release|Any CPU
		{FD0D7ED6-825E-4862-85F7-D269D41B7B65}.Debug|Any CPU.ActiveCfg = Debug|Any CPU
		{FD0D7ED6-825E-4862-85F7-D269D41B7B65}.Debug|Any CPU.Build.0 = Debug|Any CPU
		{FD0D7ED6-825E-4862-85F7-D269D41B7B65}.Release|Any CPU.ActiveCfg = Release|Any CPU
		{FD0D7ED6-825E-4862-85F7-D269D41B7B65}.Release|Any CPU.Build.0 = Release|Any CPU
		{F808C181-A6A5-49C5-94D6-89A241C36DF4}.Debug|Any CPU.ActiveCfg = Debug|Any CPU
		{F808C181-A6A5-49C5-94D6-89A241C36DF4}.Debug|Any CPU.Build.0 = Debug|Any CPU
		{F808C181-A6A5-49C5-94D6-89A241C36DF4}.Release|Any CPU.ActiveCfg = Release|Any CPU
		{F808C181-A6A5-49C5-94D6-89A241C36DF4}.Release|Any CPU.Build.0 = Release|Any CPU
	EndGlobalSection
	GlobalSection(SolutionProperties) = preSolution
		HideSolutionNode = FALSE
	EndGlobalSection
	GlobalSection(ExtensibilityGlobals) = postSolution
		SolutionGuid = {C8288D37-A961-4F81-A253-7C2D8645E392}
	EndGlobalSection
EndGlobal
