
Microsoft Visual Studio Solution File, Format Version 12.00
# Visual Studio Version 17
VisualStudioVersion = 17.5.33502.453
MinimumVisualStudioVersion = 10.0.40219.1
Project("{FAE04EC0-301F-11D3-BF4B-00C04F79EFBC}") = "homeWorkClass2C#A", "homeWorkClass2C#A\homeWorkClass2C#A.csproj", "{343FB2A8-C186-4664-A13D-3FC53998B504}"
EndProject
Global
	GlobalSection(SolutionConfigurationPlatforms) = preSolution
		Debug|Any CPU = Debug|Any CPU
		Release|Any CPU = Release|Any CPU
	EndGlobalSection
	GlobalSection(ProjectConfigurationPlatforms) = postSolution
		{343FB2A8-C186-4664-A13D-3FC53998B504}.Debug|Any CPU.ActiveCfg = Debug|Any CPU
		{343FB2A8-C186-4664-A13D-3FC53998B504}.Debug|Any CPU.Build.0 = Debug|Any CPU
		{343FB2A8-C186-4664-A13D-3FC53998B504}.Release|Any CPU.ActiveCfg = Release|Any CPU
		{343FB2A8-C186-4664-A13D-3FC53998B504}.Release|Any CPU.Build.0 = Release|Any CPU
	EndGlobalSection
	GlobalSection(SolutionProperties) = preSolution
		HideSolutionNode = FALSE
	EndGlobalSection
	GlobalSection(ExtensibilityGlobals) = postSolution
		SolutionGuid = {09C04C72-CE29-486A-8DB4-484A3297C19F}
	EndGlobalSection
EndGlobal
